// !$*UTF8*$!
{
	archiveVersion = 1;
	classes = {
	};
	objectVersion = 46;
	objects = {

/* Begin PBXBuildFile section */
		CB14D5311D09A3DB00EB35C9 /* YXNDTcpPing.h in Headers */ = {isa = PBXBuildFile; fileRef = CB14D52F1D09A3DB00EB35C9 /* YXNDTcpPing.h */; settings = {ATTRIBUTES = (Public, ); }; };
		CB14D5321D09A3DB00EB35C9 /* YXNDTcpPing.h in Headers */ = {isa = PBXBuildFile; fileRef = CB14D52F1D09A3DB00EB35C9 /* YXNDTcpPing.h */; settings = {ATTRIBUTES = (Public, ); }; };
		CB14D5331D09A3DB00EB35C9 /* YXNDTcpPing.m in Sources */ = {isa = PBXBuildFile; fileRef = CB14D5301D09A3DB00EB35C9 /* YXNDTcpPing.m */; };
		CB14D5341D09A3DB00EB35C9 /* YXNDTcpPing.m in Sources */ = {isa = PBXBuildFile; fileRef = CB14D5301D09A3DB00EB35C9 /* YXNDTcpPing.m */; };
		CB25D7B81D07DA03000CE9EE /* YXNetworkDiagnose.h in Headers */ = {isa = PBXBuildFile; fileRef = CB25D7B71D07DA03000CE9EE /* YXNetworkDiagnose.h */; settings = {ATTRIBUTES = (Public, ); }; };
		CB25D7F61D07DD69000CE9EE /* YXNDProtocols.h in Headers */ = {isa = PBXBuildFile; fileRef = CB25D7F51D07DD69000CE9EE /* YXNDProtocols.h */; settings = {ATTRIBUTES = (Public, ); }; };
		CB25D7F91D07DDC5000CE9EE /* YXNDPing.h in Headers */ = {isa = PBXBuildFile; fileRef = CB25D7F71D07DDC5000CE9EE /* YXNDPing.h */; settings = {ATTRIBUTES = (Public, ); }; };
		CB25D7FA1D07DDC5000CE9EE /* YXNDPing.m in Sources */ = {isa = PBXBuildFile; fileRef = CB25D7F81D07DDC5000CE9EE /* YXNDPing.m */; };
		CB42FE031D07F27500EADB77 /* YXNDPing.m in Sources */ = {isa = PBXBuildFile; fileRef = CB25D7F81D07DDC5000CE9EE /* YXNDPing.m */; };
		CB42FE041D07F27F00EADB77 /* YXNetworkDiagnose.h in Headers */ = {isa = PBXBuildFile; fileRef = CB25D7B71D07DA03000CE9EE /* YXNetworkDiagnose.h */; settings = {ATTRIBUTES = (Public, ); }; };
		CB42FE051D07F27F00EADB77 /* YXNDProtocols.h in Headers */ = {isa = PBXBuildFile; fileRef = CB25D7F51D07DD69000CE9EE /* YXNDProtocols.h */; settings = {ATTRIBUTES = (Public, ); }; };
		CB42FE061D07F27F00EADB77 /* YXNDPing.h in Headers */ = {isa = PBXBuildFile; fileRef = CB25D7F71D07DDC5000CE9EE /* YXNDPing.h */; settings = {ATTRIBUTES = (Public, ); }; };
		CBB5687C1D1CCF1E002B3666 /* YXNDTraceRoute.h in Headers */ = {isa = PBXBuildFile; fileRef = CBB5687A1D1CCF1E002B3666 /* YXNDTraceRoute.h */; settings = {ATTRIBUTES = (Public, ); }; };
		CBB5687D1D1CCF1E002B3666 /* YXNDTraceRoute.h in Headers */ = {isa = PBXBuildFile; fileRef = CBB5687A1D1CCF1E002B3666 /* YXNDTraceRoute.h */; settings = {ATTRIBUTES = (Public, ); }; };
		CBB5687E1D1CCF1E002B3666 /* YXNDTraceRoute.m in Sources */ = {isa = PBXBuildFile; fileRef = CBB5687B1D1CCF1E002B3666 /* YXNDTraceRoute.m */; };
		CBB5687F1D1CCF1E002B3666 /* YXNDTraceRoute.m in Sources */ = {isa = PBXBuildFile; fileRef = CBB5687B1D1CCF1E002B3666 /* YXNDTraceRoute.m */; };
		CBB568821D1CD0B2002B3666 /* YXNDHTTP.h in Headers */ = {isa = PBXBuildFile; fileRef = CBB568801D1CD0B2002B3666 /* YXNDHTTP.h */; settings = {ATTRIBUTES = (Public, ); }; };
		CBB568831D1CD0B2002B3666 /* YXNDHTTP.h in Headers */ = {isa = PBXBuildFile; fileRef = CBB568801D1CD0B2002B3666 /* YXNDHTTP.h */; settings = {ATTRIBUTES = (Public, ); }; };
		CBB568841D1CD0B2002B3666 /* YXNDHTTP.m in Sources */ = {isa = PBXBuildFile; fileRef = CBB568811D1CD0B2002B3666 /* YXNDHTTP.m */; };
		CBB568851D1CD0B2002B3666 /* YXNDHTTP.m in Sources */ = {isa = PBXBuildFile; fileRef = CBB568811D1CD0B2002B3666 /* YXNDHTTP.m */; };
		CBDFBC831D1A6A4E00D52170 /* YXNetworkDiagnose.framework in Frameworks */ = {isa = PBXBuildFile; fileRef = CB25D7B41D07DA02000CE9EE /* YXNetworkDiagnose.framework */; };
		CBDFBC921D1A6A6300D52170 /* YXNetworkDiagnose.framework in Frameworks */ = {isa = PBXBuildFile; fileRef = CB42FDFB1D07F23A00EADB77 /* YXNetworkDiagnose.framework */; };
		CBDFBC9A1D1A8F1E00D52170 /* YXNDPingTest.m in Sources */ = {isa = PBXBuildFile; fileRef = CBDFBC991D1A8F1E00D52170 /* YXNDPingTest.m */; };
		CBDFBC9B1D1A8F1E00D52170 /* YXNDPingTest.m in Sources */ = {isa = PBXBuildFile; fileRef = CBDFBC991D1A8F1E00D52170 /* YXNDPingTest.m */; };
		CBEF15291D11BF750028B2B1 /* YXNDNetworkInfo.h in Headers */ = {isa = PBXBuildFile; fileRef = CBEF15271D11BF750028B2B1 /* YXNDNetworkInfo.h */; settings = {ATTRIBUTES = (Public, ); }; };
		CBEF152A1D11BF750028B2B1 /* YXNDNetworkInfo.h in Headers */ = {isa = PBXBuildFile; fileRef = CBEF15271D11BF750028B2B1 /* YXNDNetworkInfo.h */; settings = {ATTRIBUTES = (Public, ); }; };
		CBEF152B1D11BF750028B2B1 /* YXNDNetworkInfo.m in Sources */ = {isa = PBXBuildFile; fileRef = CBEF15281D11BF750028B2B1 /* YXNDNetworkInfo.m */; };
		CBEF152C1D11BF750028B2B1 /* YXNDNetworkInfo.m in Sources */ = {isa = PBXBuildFile; fileRef = CBEF15281D11BF750028B2B1 /* YXNDNetworkInfo.m */; };
		CBF7469E1D0BE6FE0040F811 /* YXNDNslookup.h in Headers */ = {isa = PBXBuildFile; fileRef = CBF7469C1D0BE6FE0040F811 /* YXNDNslookup.h */; settings = {ATTRIBUTES = (Public, ); }; };
		CBF7469F1D0BE6FE0040F811 /* YXNDNslookup.h in Headers */ = {isa = PBXBuildFile; fileRef = CBF7469C1D0BE6FE0040F811 /* YXNDNslookup.h */; settings = {ATTRIBUTES = (Public, ); }; };
		CBF746A01D0BE6FE0040F811 /* YXNDNslookup.m in Sources */ = {isa = PBXBuildFile; fileRef = CBF7469D1D0BE6FE0040F811 /* YXNDNslookup.m */; };
		CBF746A11D0BE6FE0040F811 /* YXNDNslookup.m in Sources */ = {isa = PBXBuildFile; fileRef = CBF7469D1D0BE6FE0040F811 /* YXNDNslookup.m */; };
/* End PBXBuildFile section */

/* Begin PBXContainerItemProxy section */
		CBDFBC841D1A6A4E00D52170 /* PBXContainerItemProxy */ = {
			isa = PBXContainerItemProxy;
			containerPortal = CB25D7AB1D07DA02000CE9EE /* Project object */;
			proxyType = 1;
			remoteGlobalIDString = CB25D7B31D07DA02000CE9EE;
			remoteInfo = YXNetworkDiagnose_iOS;
		};
		CBDFBC931D1A6A6300D52170 /* PBXContainerItemProxy */ = {
			isa = PBXContainerItemProxy;
			containerPortal = CB25D7AB1D07DA02000CE9EE /* Project object */;
			proxyType = 1;
			remoteGlobalIDString = CB42FDFA1D07F23A00EADB77;
			remoteInfo = YXNetworkDiagnose_OSX;
		};
/* End PBXContainerItemProxy section */

/* Begin PBXFileReference section */
		CB14D52F1D09A3DB00EB35C9 /* YXNDTcpPing.h */ = {isa = PBXFileReference; fileEncoding = 4; lastKnownFileType = sourcecode.c.h; path = YXNDTcpPing.h; sourceTree = "<group>"; };
		CB14D5301D09A3DB00EB35C9 /* YXNDTcpPing.m */ = {isa = PBXFileReference; fileEncoding = 4; lastKnownFileType = sourcecode.c.objc; path = YXNDTcpPing.m; sourceTree = "<group>"; };
		CB25D7B41D07DA02000CE9EE /* YXNetworkDiagnose.framework */ = {isa = PBXFileReference; explicitFileType = wrapper.framework; includeInIndex = 0; path = YXNetworkDiagnose.framework; sourceTree = BUILT_PRODUCTS_DIR; };
		CB25D7B71D07DA03000CE9EE /* YXNetworkDiagnose.h */ = {isa = PBXFileReference; lastKnownFileType = sourcecode.c.h; path = YXNetworkDiagnose.h; sourceTree = "<group>"; };
		CB25D7B91D07DA03000CE9EE /* Info.plist */ = {isa = PBXFileReference; lastKnownFileType = text.plist.xml; path = Info.plist; sourceTree = "<group>"; };
		CB25D7F51D07DD69000CE9EE /* YXNDProtocols.h */ = {isa = PBXFileReference; fileEncoding = 4; lastKnownFileType = sourcecode.c.h; path = YXNDProtocols.h; sourceTree = "<group>"; };
		CB25D7F71D07DDC5000CE9EE /* YXNDPing.h */ = {isa = PBXFileReference; fileEncoding = 4; lastKnownFileType = sourcecode.c.h; path = YXNDPing.h; sourceTree = "<group>"; };
		CB25D7F81D07DDC5000CE9EE /* YXNDPing.m */ = {isa = PBXFileReference; fileEncoding = 4; lastKnownFileType = sourcecode.c.objc; path = YXNDPing.m; sourceTree = "<group>"; };
		CB42FDFB1D07F23A00EADB77 /* YXNetworkDiagnose.framework */ = {isa = PBXFileReference; explicitFileType = wrapper.framework; includeInIndex = 0; path = YXNetworkDiagnose.framework; sourceTree = BUILT_PRODUCTS_DIR; };
		CBB5687A1D1CCF1E002B3666 /* YXNDTraceRoute.h */ = {isa = PBXFileReference; fileEncoding = 4; lastKnownFileType = sourcecode.c.h; path = YXNDTraceRoute.h; sourceTree = "<group>"; };
		CBB5687B1D1CCF1E002B3666 /* YXNDTraceRoute.m */ = {isa = PBXFileReference; fileEncoding = 4; lastKnownFileType = sourcecode.c.objc; path = YXNDTraceRoute.m; sourceTree = "<group>"; };
		CBB568801D1CD0B2002B3666 /* YXNDHTTP.h */ = {isa = PBXFileReference; fileEncoding = 4; lastKnownFileType = sourcecode.c.h; path = YXNDHTTP.h; sourceTree = "<group>"; };
		CBB568811D1CD0B2002B3666 /* YXNDHTTP.m */ = {isa = PBXFileReference; fileEncoding = 4; lastKnownFileType = sourcecode.c.objc; path = YXNDHTTP.m; sourceTree = "<group>"; };
		CBDFBC7E1D1A6A4E00D52170 /* YXNetworkDiagnoseTests_iOS.xctest */ = {isa = PBXFileReference; explicitFileType = wrapper.cfbundle; includeInIndex = 0; path = YXNetworkDiagnoseTests_iOS.xctest; sourceTree = BUILT_PRODUCTS_DIR; };
		CBDFBC821D1A6A4E00D52170 /* Info.plist */ = {isa = PBXFileReference; lastKnownFileType = text.plist.xml; path = Info.plist; sourceTree = "<group>"; };
		CBDFBC8D1D1A6A6300D52170 /* YXNetworkDiagnoseTests_OSX.xctest */ = {isa = PBXFileReference; explicitFileType = wrapper.cfbundle; includeInIndex = 0; path = YXNetworkDiagnoseTests_OSX.xctest; sourceTree = BUILT_PRODUCTS_DIR; };
		CBDFBC991D1A8F1E00D52170 /* YXNDPingTest.m */ = {isa = PBXFileReference; fileEncoding = 4; lastKnownFileType = sourcecode.c.objc; path = YXNDPingTest.m; sourceTree = "<group>"; };
		CBEF15271D11BF750028B2B1 /* YXNDNetworkInfo.h */ = {isa = PBXFileReference; fileEncoding = 4; lastKnownFileType = sourcecode.c.h; path = YXNDNetworkInfo.h; sourceTree = "<group>"; };
		CBEF15281D11BF750028B2B1 /* YXNDNetworkInfo.m */ = {isa = PBXFileReference; fileEncoding = 4; lastKnownFileType = sourcecode.c.objc; path = YXNDNetworkInfo.m; sourceTree = "<group>"; };
		CBF7469C1D0BE6FE0040F811 /* YXNDNslookup.h */ = {isa = PBXFileReference; fileEncoding = 4; lastKnownFileType = sourcecode.c.h; path = YXNDNslookup.h; sourceTree = "<group>"; };
		CBF7469D1D0BE6FE0040F811 /* YXNDNslookup.m */ = {isa = PBXFileReference; fileEncoding = 4; lastKnownFileType = sourcecode.c.objc; path = YXNDNslookup.m; sourceTree = "<group>"; };
/* End PBXFileReference section */

/* Begin PBXFrameworksBuildPhase section */
		CB25D7B01D07DA02000CE9EE /* Frameworks */ = {
			isa = PBXFrameworksBuildPhase;
			buildActionMask = 2147483647;
			files = (
			);
			runOnlyForDeploymentPostprocessing = 0;
		};
		CB42FDF71D07F23A00EADB77 /* Frameworks */ = {
			isa = PBXFrameworksBuildPhase;
			buildActionMask = 2147483647;
			files = (
			);
			runOnlyForDeploymentPostprocessing = 0;
		};
		CBDFBC7B1D1A6A4E00D52170 /* Frameworks */ = {
			isa = PBXFrameworksBuildPhase;
			buildActionMask = 2147483647;
			files = (
				CBDFBC831D1A6A4E00D52170 /* YXNetworkDiagnose.framework in Frameworks */,
			);
			runOnlyForDeploymentPostprocessing = 0;
		};
		CBDFBC8A1D1A6A6300D52170 /* Frameworks */ = {
			isa = PBXFrameworksBuildPhase;
			buildActionMask = 2147483647;
			files = (
				CBDFBC921D1A6A6300D52170 /* YXNetworkDiagnose.framework in Frameworks */,
			);
			runOnlyForDeploymentPostprocessing = 0;
		};
/* End PBXFrameworksBuildPhase section */

/* Begin PBXGroup section */
		CB25D7AA1D07DA02000CE9EE = {
			isa = PBXGroup;
			children = (
				CB25D7B61D07DA02000CE9EE /* YXNetworkDiagnose */,
				CBDFBC7F1D1A6A4E00D52170 /* YXNetworkDiagnoseTests */,
				CB25D7B51D07DA02000CE9EE /* Products */,
			);
			sourceTree = "<group>";
		};
		CB25D7B51D07DA02000CE9EE /* Products */ = {
			isa = PBXGroup;
			children = (
				CB25D7B41D07DA02000CE9EE /* YXNetworkDiagnose.framework */,
				CB42FDFB1D07F23A00EADB77 /* YXNetworkDiagnose.framework */,
				CBDFBC7E1D1A6A4E00D52170 /* YXNetworkDiagnoseTests_iOS.xctest */,
				CBDFBC8D1D1A6A6300D52170 /* YXNetworkDiagnoseTests_OSX.xctest */,
			);
			name = Products;
			sourceTree = "<group>";
		};
		CB25D7B61D07DA02000CE9EE /* YXNetworkDiagnose */ = {
			isa = PBXGroup;
			children = (
				CB25D7B71D07DA03000CE9EE /* YXNetworkDiagnose.h */,
				CB25D7B91D07DA03000CE9EE /* Info.plist */,
				CB25D7F51D07DD69000CE9EE /* YXNDProtocols.h */,
				CBB568801D1CD0B2002B3666 /* YXNDHTTP.h */,
				CBB568811D1CD0B2002B3666 /* YXNDHTTP.m */,
				CB25D7F71D07DDC5000CE9EE /* YXNDPing.h */,
				CB25D7F81D07DDC5000CE9EE /* YXNDPing.m */,
				CB14D52F1D09A3DB00EB35C9 /* YXNDTcpPing.h */,
				CB14D5301D09A3DB00EB35C9 /* YXNDTcpPing.m */,
				CBF7469C1D0BE6FE0040F811 /* YXNDNslookup.h */,
				CBF7469D1D0BE6FE0040F811 /* YXNDNslookup.m */,
				CBB5687A1D1CCF1E002B3666 /* YXNDTraceRoute.h */,
				CBB5687B1D1CCF1E002B3666 /* YXNDTraceRoute.m */,
				CBEF15271D11BF750028B2B1 /* YXNDNetworkInfo.h */,
				CBEF15281D11BF750028B2B1 /* YXNDNetworkInfo.m */,
			);
			path = YXNetworkDiagnose;
			sourceTree = "<group>";
		};
		CBDFBC7F1D1A6A4E00D52170 /* YXNetworkDiagnoseTests */ = {
			isa = PBXGroup;
			children = (
				CBDFBC821D1A6A4E00D52170 /* Info.plist */,
				CBDFBC991D1A8F1E00D52170 /* YXNDPingTest.m */,
			);
			path = YXNetworkDiagnoseTests;
			sourceTree = "<group>";
		};
/* End PBXGroup section */

/* Begin PBXHeadersBuildPhase section */
		CB25D7B11D07DA02000CE9EE /* Headers */ = {
			isa = PBXHeadersBuildPhase;
			buildActionMask = 2147483647;
			files = (
				CB25D7F91D07DDC5000CE9EE /* YXNDPing.h in Headers */,
				CB25D7B81D07DA03000CE9EE /* YXNetworkDiagnose.h in Headers */,
				CB14D5311D09A3DB00EB35C9 /* YXNDTcpPing.h in Headers */,
				CBF7469E1D0BE6FE0040F811 /* YXNDNslookup.h in Headers */,
				CBEF15291D11BF750028B2B1 /* YXNDNetworkInfo.h in Headers */,
				CBB5687C1D1CCF1E002B3666 /* YXNDTraceRoute.h in Headers */,
				CB25D7F61D07DD69000CE9EE /* YXNDProtocols.h in Headers */,
				CBB568821D1CD0B2002B3666 /* YXNDHTTP.h in Headers */,
			);
			runOnlyForDeploymentPostprocessing = 0;
		};
		CB42FDF81D07F23A00EADB77 /* Headers */ = {
			isa = PBXHeadersBuildPhase;
			buildActionMask = 2147483647;
			files = (
				CB42FE041D07F27F00EADB77 /* YXNetworkDiagnose.h in Headers */,
				CB42FE051D07F27F00EADB77 /* YXNDProtocols.h in Headers */,
				CB42FE061D07F27F00EADB77 /* YXNDPing.h in Headers */,
				CBF7469F1D0BE6FE0040F811 /* YXNDNslookup.h in Headers */,
				CB14D5321D09A3DB00EB35C9 /* YXNDTcpPing.h in Headers */,
				CBB5687D1D1CCF1E002B3666 /* YXNDTraceRoute.h in Headers */,
				CBB568831D1CD0B2002B3666 /* YXNDHTTP.h in Headers */,
				CBEF152A1D11BF750028B2B1 /* YXNDNetworkInfo.h in Headers */,
			);
			runOnlyForDeploymentPostprocessing = 0;
		};
/* End PBXHeadersBuildPhase section */

/* Begin PBXNativeTarget section */
		CB25D7B31D07DA02000CE9EE /* YXNetworkDiagnose_iOS */ = {
			isa = PBXNativeTarget;
			buildConfigurationList = CB25D7BC1D07DA03000CE9EE /* Build configuration list for PBXNativeTarget "YXNetworkDiagnose_iOS" */;
			buildPhases = (
				CB25D7AF1D07DA02000CE9EE /* Sources */,
				CB25D7B01D07DA02000CE9EE /* Frameworks */,
				CB25D7B11D07DA02000CE9EE /* Headers */,
				CB25D7B21D07DA02000CE9EE /* Resources */,
			);
			buildRules = (
			);
			dependencies = (
			);
			name = YXNetworkDiagnose_iOS;
			productName = YXNetworkDiagnose;
			productReference = CB25D7B41D07DA02000CE9EE /* YXNetworkDiagnose.framework */;
			productType = "com.apple.product-type.framework";
		};
		CB42FDFA1D07F23A00EADB77 /* YXNetworkDiagnose_OSX */ = {
			isa = PBXNativeTarget;
			buildConfigurationList = CB42FE001D07F23A00EADB77 /* Build configuration list for PBXNativeTarget "YXNetworkDiagnose_OSX" */;
			buildPhases = (
				CB42FDF61D07F23A00EADB77 /* Sources */,
				CB42FDF71D07F23A00EADB77 /* Frameworks */,
				CB42FDF81D07F23A00EADB77 /* Headers */,
				CB42FDF91D07F23A00EADB77 /* Resources */,
			);
			buildRules = (
			);
			dependencies = (
			);
			name = YXNetworkDiagnose_OSX;
			productName = YXNetworkDiagnose;
			productReference = CB42FDFB1D07F23A00EADB77 /* YXNetworkDiagnose.framework */;
			productType = "com.apple.product-type.framework";
		};
		CBDFBC7D1D1A6A4E00D52170 /* YXNetworkDiagnoseTests_iOS */ = {
			isa = PBXNativeTarget;
			buildConfigurationList = CBDFBC861D1A6A4E00D52170 /* Build configuration list for PBXNativeTarget "YXNetworkDiagnoseTests_iOS" */;
			buildPhases = (
				CBDFBC7A1D1A6A4E00D52170 /* Sources */,
				CBDFBC7B1D1A6A4E00D52170 /* Frameworks */,
				CBDFBC7C1D1A6A4E00D52170 /* Resources */,
			);
			buildRules = (
			);
			dependencies = (
				CBDFBC851D1A6A4E00D52170 /* PBXTargetDependency */,
			);
			name = YXNetworkDiagnoseTests_iOS;
			productName = YXNetworkDiagnoseTests;
			productReference = CBDFBC7E1D1A6A4E00D52170 /* YXNetworkDiagnoseTests_iOS.xctest */;
			productType = "com.apple.product-type.bundle.unit-test";
		};
		CBDFBC8C1D1A6A6300D52170 /* YXNetworkDiagnoseTests_OSX */ = {
			isa = PBXNativeTarget;
			buildConfigurationList = CBDFBC951D1A6A6300D52170 /* Build configuration list for PBXNativeTarget "YXNetworkDiagnoseTests_OSX" */;
			buildPhases = (
				CBDFBC891D1A6A6300D52170 /* Sources */,
				CBDFBC8A1D1A6A6300D52170 /* Frameworks */,
				CBDFBC8B1D1A6A6300D52170 /* Resources */,
			);
			buildRules = (
			);
			dependencies = (
				CBDFBC941D1A6A6300D52170 /* PBXTargetDependency */,
			);
			name = YXNetworkDiagnoseTests_OSX;
			productName = YXNetworkDiagnoseTests;
			productReference = CBDFBC8D1D1A6A6300D52170 /* YXNetworkDiagnoseTests_OSX.xctest */;
			productType = "com.apple.product-type.bundle.unit-test";
		};
/* End PBXNativeTarget section */

/* Begin PBXProject section */
		CB25D7AB1D07DA02000CE9EE /* Project object */ = {
			isa = PBXProject;
			attributes = {
				LastUpgradeCheck = 0730;
				ORGANIZATIONNAME = Yourtion;
				TargetAttributes = {
					CB25D7B31D07DA02000CE9EE = {
						CreatedOnToolsVersion = 7.3.1;
					};
					CB42FDFA1D07F23A00EADB77 = {
						CreatedOnToolsVersion = 7.3.1;
					};
					CBDFBC7D1D1A6A4E00D52170 = {
						CreatedOnToolsVersion = 7.3.1;
					};
					CBDFBC8C1D1A6A6300D52170 = {
						CreatedOnToolsVersion = 7.3.1;
					};
				};
			};
			buildConfigurationList = CB25D7AE1D07DA02000CE9EE /* Build configuration list for PBXProject "YXNetworkDiagnose" */;
			compatibilityVersion = "Xcode 3.2";
			developmentRegion = English;
			hasScannedForEncodings = 0;
			knownRegions = (
				en,
			);
			mainGroup = CB25D7AA1D07DA02000CE9EE;
			productRefGroup = CB25D7B51D07DA02000CE9EE /* Products */;
			projectDirPath = "";
			projectRoot = "";
			targets = (
				CB25D7B31D07DA02000CE9EE /* YXNetworkDiagnose_iOS */,
				CB42FDFA1D07F23A00EADB77 /* YXNetworkDiagnose_OSX */,
				CBDFBC7D1D1A6A4E00D52170 /* YXNetworkDiagnoseTests_iOS */,
				CBDFBC8C1D1A6A6300D52170 /* YXNetworkDiagnoseTests_OSX */,
			);
		};
/* End PBXProject section */

/* Begin PBXResourcesBuildPhase section */
		CB25D7B21D07DA02000CE9EE /* Resources */ = {
			isa = PBXResourcesBuildPhase;
			buildActionMask = 2147483647;
			files = (
			);
			runOnlyForDeploymentPostprocessing = 0;
		};
		CB42FDF91D07F23A00EADB77 /* Resources */ = {
			isa = PBXResourcesBuildPhase;
			buildActionMask = 2147483647;
			files = (
			);
			runOnlyForDeploymentPostprocessing = 0;
		};
		CBDFBC7C1D1A6A4E00D52170 /* Resources */ = {
			isa = PBXResourcesBuildPhase;
			buildActionMask = 2147483647;
			files = (
			);
			runOnlyForDeploymentPostprocessing = 0;
		};
		CBDFBC8B1D1A6A6300D52170 /* Resources */ = {
			isa = PBXResourcesBuildPhase;
			buildActionMask = 2147483647;
			files = (
			);
			runOnlyForDeploymentPostprocessing = 0;
		};
/* End PBXResourcesBuildPhase section */

/* Begin PBXSourcesBuildPhase section */
		CB25D7AF1D07DA02000CE9EE /* Sources */ = {
			isa = PBXSourcesBuildPhase;
			buildActionMask = 2147483647;
			files = (
				CBB5687E1D1CCF1E002B3666 /* YXNDTraceRoute.m in Sources */,
				CB14D5331D09A3DB00EB35C9 /* YXNDTcpPing.m in Sources */,
				CBB568841D1CD0B2002B3666 /* YXNDHTTP.m in Sources */,
				CBEF152B1D11BF750028B2B1 /* YXNDNetworkInfo.m in Sources */,
				CB25D7FA1D07DDC5000CE9EE /* YXNDPing.m in Sources */,
				CBF746A01D0BE6FE0040F811 /* YXNDNslookup.m in Sources */,
			);
			runOnlyForDeploymentPostprocessing = 0;
		};
		CB42FDF61D07F23A00EADB77 /* Sources */ = {
			isa = PBXSourcesBuildPhase;
			buildActionMask = 2147483647;
			files = (
				CBB5687F1D1CCF1E002B3666 /* YXNDTraceRoute.m in Sources */,
				CB14D5341D09A3DB00EB35C9 /* YXNDTcpPing.m in Sources */,
				CBB568851D1CD0B2002B3666 /* YXNDHTTP.m in Sources */,
				CBEF152C1D11BF750028B2B1 /* YXNDNetworkInfo.m in Sources */,
				CB42FE031D07F27500EADB77 /* YXNDPing.m in Sources */,
				CBF746A11D0BE6FE0040F811 /* YXNDNslookup.m in Sources */,
			);
			runOnlyForDeploymentPostprocessing = 0;
		};
		CBDFBC7A1D1A6A4E00D52170 /* Sources */ = {
			isa = PBXSourcesBuildPhase;
			buildActionMask = 2147483647;
			files = (
				CBDFBC9A1D1A8F1E00D52170 /* YXNDPingTest.m in Sources */,
			);
			runOnlyForDeploymentPostprocessing = 0;
		};
		CBDFBC891D1A6A6300D52170 /* Sources */ = {
			isa = PBXSourcesBuildPhase;
			buildActionMask = 2147483647;
			files = (
				CBDFBC9B1D1A8F1E00D52170 /* YXNDPingTest.m in Sources */,
			);
			runOnlyForDeploymentPostprocessing = 0;
		};
/* End PBXSourcesBuildPhase section */

/* Begin PBXTargetDependency section */
		CBDFBC851D1A6A4E00D52170 /* PBXTargetDependency */ = {
			isa = PBXTargetDependency;
			target = CB25D7B31D07DA02000CE9EE /* YXNetworkDiagnose_iOS */;
			targetProxy = CBDFBC841D1A6A4E00D52170 /* PBXContainerItemProxy */;
		};
		CBDFBC941D1A6A6300D52170 /* PBXTargetDependency */ = {
			isa = PBXTargetDependency;
			target = CB42FDFA1D07F23A00EADB77 /* YXNetworkDiagnose_OSX */;
			targetProxy = CBDFBC931D1A6A6300D52170 /* PBXContainerItemProxy */;
		};
/* End PBXTargetDependency section */

/* Begin XCBuildConfiguration section */
		CB25D7BA1D07DA03000CE9EE /* Debug */ = {
			isa = XCBuildConfiguration;
			buildSettings = {
				ALWAYS_SEARCH_USER_PATHS = NO;
				CLANG_ANALYZER_NONNULL = YES;
				CLANG_CXX_LANGUAGE_STANDARD = "gnu++0x";
				CLANG_CXX_LIBRARY = "libc++";
				CLANG_ENABLE_MODULES = YES;
				CLANG_ENABLE_OBJC_ARC = YES;
				CLANG_WARN_BOOL_CONVERSION = YES;
				CLANG_WARN_CONSTANT_CONVERSION = YES;
				CLANG_WARN_DIRECT_OBJC_ISA_USAGE = YES_ERROR;
				CLANG_WARN_EMPTY_BODY = YES;
				CLANG_WARN_ENUM_CONVERSION = YES;
				CLANG_WARN_INT_CONVERSION = YES;
				CLANG_WARN_OBJC_ROOT_CLASS = YES_ERROR;
				CLANG_WARN_UNREACHABLE_CODE = YES;
				CLANG_WARN__DUPLICATE_METHOD_MATCH = YES;
				"CODE_SIGN_IDENTITY[sdk=iphoneos*]" = "iPhone Developer";
				COPY_PHASE_STRIP = NO;
				CURRENT_PROJECT_VERSION = 1;
				DEBUG_INFORMATION_FORMAT = dwarf;
				ENABLE_STRICT_OBJC_MSGSEND = YES;
				ENABLE_TESTABILITY = YES;
				GCC_C_LANGUAGE_STANDARD = gnu99;
				GCC_DYNAMIC_NO_PIC = NO;
				GCC_NO_COMMON_BLOCKS = YES;
				GCC_OPTIMIZATION_LEVEL = 0;
				GCC_PREPROCESSOR_DEFINITIONS = (
					"DEBUG=1",
					"$(inherited)",
				);
				GCC_WARN_64_TO_32_BIT_CONVERSION = YES;
				GCC_WARN_ABOUT_RETURN_TYPE = YES_ERROR;
				GCC_WARN_UNDECLARED_SELECTOR = YES;
				GCC_WARN_UNINITIALIZED_AUTOS = YES_AGGRESSIVE;
				GCC_WARN_UNUSED_FUNCTION = YES;
				GCC_WARN_UNUSED_VARIABLE = YES;
				IPHONEOS_DEPLOYMENT_TARGET = 8.0;
				MACOSX_DEPLOYMENT_TARGET = 10.10;
				MTL_ENABLE_DEBUG_INFO = YES;
				ONLY_ACTIVE_ARCH = YES;
				SDKROOT = iphoneos;
				TARGETED_DEVICE_FAMILY = "1,2";
				VERSIONING_SYSTEM = "apple-generic";
				VERSION_INFO_PREFIX = "";
			};
			name = Debug;
		};
		CB25D7BB1D07DA03000CE9EE /* Release */ = {
			isa = XCBuildConfiguration;
			buildSettings = {
				ALWAYS_SEARCH_USER_PATHS = NO;
				CLANG_ANALYZER_NONNULL = YES;
				CLANG_CXX_LANGUAGE_STANDARD = "gnu++0x";
				CLANG_CXX_LIBRARY = "libc++";
				CLANG_ENABLE_MODULES = YES;
				CLANG_ENABLE_OBJC_ARC = YES;
				CLANG_WARN_BOOL_CONVERSION = YES;
				CLANG_WARN_CONSTANT_CONVERSION = YES;
				CLANG_WARN_DIRECT_OBJC_ISA_USAGE = YES_ERROR;
				CLANG_WARN_EMPTY_BODY = YES;
				CLANG_WARN_ENUM_CONVERSION = YES;
				CLANG_WARN_INT_CONVERSION = YES;
				CLANG_WARN_OBJC_ROOT_CLASS = YES_ERROR;
				CLANG_WARN_UNREACHABLE_CODE = YES;
				CLANG_WARN__DUPLICATE_METHOD_MATCH = YES;
				"CODE_SIGN_IDENTITY[sdk=iphoneos*]" = "iPhone Developer";
				COPY_PHASE_STRIP = NO;
				CURRENT_PROJECT_VERSION = 1;
				DEBUG_INFORMATION_FORMAT = "dwarf-with-dsym";
				ENABLE_NS_ASSERTIONS = NO;
				ENABLE_STRICT_OBJC_MSGSEND = YES;
				GCC_C_LANGUAGE_STANDARD = gnu99;
				GCC_NO_COMMON_BLOCKS = YES;
				GCC_WARN_64_TO_32_BIT_CONVERSION = YES;
				GCC_WARN_ABOUT_RETURN_TYPE = YES_ERROR;
				GCC_WARN_UNDECLARED_SELECTOR = YES;
				GCC_WARN_UNINITIALIZED_AUTOS = YES_AGGRESSIVE;
				GCC_WARN_UNUSED_FUNCTION = YES;
				GCC_WARN_UNUSED_VARIABLE = YES;
				IPHONEOS_DEPLOYMENT_TARGET = 8.0;
				MACOSX_DEPLOYMENT_TARGET = 10.10;
				MTL_ENABLE_DEBUG_INFO = NO;
				SDKROOT = iphoneos;
				TARGETED_DEVICE_FAMILY = "1,2";
				VALIDATE_PRODUCT = YES;
				VERSIONING_SYSTEM = "apple-generic";
				VERSION_INFO_PREFIX = "";
			};
			name = Release;
		};
		CB25D7BD1D07DA03000CE9EE /* Debug */ = {
			isa = XCBuildConfiguration;
			buildSettings = {
				DEFINES_MODULE = YES;
				DYLIB_COMPATIBILITY_VERSION = 1;
				DYLIB_CURRENT_VERSION = 1;
				DYLIB_INSTALL_NAME_BASE = "@rpath";
				INFOPLIST_FILE = YXNetworkDiagnose/Info.plist;
				INSTALL_PATH = "$(LOCAL_LIBRARY_DIR)/Frameworks";
				LD_RUNPATH_SEARCH_PATHS = "$(inherited) @executable_path/Frameworks @loader_path/Frameworks";
				MACH_O_TYPE = staticlib;
				OTHER_LDFLAGS = "";
				PRODUCT_BUNDLE_IDENTIFIER = com.yourtion.YXNetworkDiagnose;
				PRODUCT_NAME = YXNetworkDiagnose;
				SKIP_INSTALL = YES;
			};
			name = Debug;
		};
		CB25D7BE1D07DA03000CE9EE /* Release */ = {
			isa = XCBuildConfiguration;
			buildSettings = {
				DEFINES_MODULE = YES;
				DYLIB_COMPATIBILITY_VERSION = 1;
				DYLIB_CURRENT_VERSION = 1;
				DYLIB_INSTALL_NAME_BASE = "@rpath";
				INFOPLIST_FILE = YXNetworkDiagnose/Info.plist;
				INSTALL_PATH = "$(LOCAL_LIBRARY_DIR)/Frameworks";
				LD_RUNPATH_SEARCH_PATHS = "$(inherited) @executable_path/Frameworks @loader_path/Frameworks";
				MACH_O_TYPE = staticlib;
				OTHER_LDFLAGS = "";
				PRODUCT_BUNDLE_IDENTIFIER = com.yourtion.YXNetworkDiagnose;
				PRODUCT_NAME = YXNetworkDiagnose;
				SKIP_INSTALL = YES;
			};
			name = Release;
		};
		CB42FE011D07F23A00EADB77 /* Debug */ = {
			isa = XCBuildConfiguration;
			buildSettings = {
				CODE_SIGN_IDENTITY = "-";
				COMBINE_HIDPI_IMAGES = YES;
				DEFINES_MODULE = YES;
				DYLIB_COMPATIBILITY_VERSION = 1;
				DYLIB_CURRENT_VERSION = 1;
				DYLIB_INSTALL_NAME_BASE = "@rpath";
				FRAMEWORK_VERSION = A;
				INFOPLIST_FILE = YXNetworkDiagnose/Info.plist;
				INSTALL_PATH = "$(LOCAL_LIBRARY_DIR)/Frameworks";
				LD_RUNPATH_SEARCH_PATHS = "$(inherited) @executable_path/../Frameworks @loader_path/Frameworks";
				MACH_O_TYPE = staticlib;
				MACOSX_DEPLOYMENT_TARGET = 10.11;
				OTHER_LDFLAGS = "";
				PRODUCT_BUNDLE_IDENTIFIER = com.yourtion.YXNetworkDiagnose;
				PRODUCT_NAME = YXNetworkDiagnose;
				SDKROOT = macosx;
				SKIP_INSTALL = YES;
			};
			name = Debug;
		};
		CB42FE021D07F23A00EADB77 /* Release */ = {
			isa = XCBuildConfiguration;
			buildSettings = {
				CODE_SIGN_IDENTITY = "-";
				COMBINE_HIDPI_IMAGES = YES;
				DEFINES_MODULE = YES;
				DYLIB_COMPATIBILITY_VERSION = 1;
				DYLIB_CURRENT_VERSION = 1;
				DYLIB_INSTALL_NAME_BASE = "@rpath";
				FRAMEWORK_VERSION = A;
				INFOPLIST_FILE = YXNetworkDiagnose/Info.plist;
				INSTALL_PATH = "$(LOCAL_LIBRARY_DIR)/Frameworks";
				LD_RUNPATH_SEARCH_PATHS = "$(inherited) @executable_path/../Frameworks @loader_path/Frameworks";
				MACH_O_TYPE = staticlib;
				MACOSX_DEPLOYMENT_TARGET = 10.11;
				OTHER_LDFLAGS = "";
				PRODUCT_BUNDLE_IDENTIFIER = com.yourtion.YXNetworkDiagnose;
				PRODUCT_NAME = YXNetworkDiagnose;
				SDKROOT = macosx;
				SKIP_INSTALL = YES;
			};
			name = Release;
		};
		CBDFBC871D1A6A4E00D52170 /* Debug */ = {
			isa = XCBuildConfiguration;
			buildSettings = {
				INFOPLIST_FILE = YXNetworkDiagnoseTests/Info.plist;
				LD_RUNPATH_SEARCH_PATHS = "$(inherited) @executable_path/Frameworks @loader_path/Frameworks";
				PRODUCT_BUNDLE_IDENTIFIER = com.yourtion.YXNetworkDiagnoseTests;
				PRODUCT_NAME = "$(TARGET_NAME)";
			};
			name = Debug;
		};
		CBDFBC881D1A6A4E00D52170 /* Release */ = {
			isa = XCBuildConfiguration;
			buildSettings = {
				INFOPLIST_FILE = YXNetworkDiagnoseTests/Info.plist;
				LD_RUNPATH_SEARCH_PATHS = "$(inherited) @executable_path/Frameworks @loader_path/Frameworks";
				PRODUCT_BUNDLE_IDENTIFIER = com.yourtion.YXNetworkDiagnoseTests;
				PRODUCT_NAME = "$(TARGET_NAME)";
			};
			name = Release;
		};
		CBDFBC961D1A6A6300D52170 /* Debug */ = {
			isa = XCBuildConfiguration;
			buildSettings = {
				CODE_SIGN_IDENTITY = "-";
				COMBINE_HIDPI_IMAGES = YES;
				INFOPLIST_FILE = YXNetworkDiagnoseTests/Info.plist;
				LD_RUNPATH_SEARCH_PATHS = "$(inherited) @executable_path/../Frameworks @loader_path/../Frameworks";
				MACOSX_DEPLOYMENT_TARGET = 10.11;
				PRODUCT_BUNDLE_IDENTIFIER = com.yourtion.YXNetworkDiagnoseTests;
				PRODUCT_NAME = "$(TARGET_NAME)";
				SDKROOT = macosx;
			};
			name = Debug;
		};
		CBDFBC971D1A6A6300D52170 /* Release */ = {
			isa = XCBuildConfiguration;
			buildSettings = {
				CODE_SIGN_IDENTITY = "-";
				COMBINE_HIDPI_IMAGES = YES;
				INFOPLIST_FILE = YXNetworkDiagnoseTests/Info.plist;
				LD_RUNPATH_SEARCH_PATHS = "$(inherited) @executable_path/../Frameworks @loader_path/../Frameworks";
				MACOSX_DEPLOYMENT_TARGET = 10.11;
				PRODUCT_BUNDLE_IDENTIFIER = com.yourtion.YXNetworkDiagnoseTests;
				PRODUCT_NAME = "$(TARGET_NAME)";
				SDKROOT = macosx;
			};
			name = Release;
		};
/* End XCBuildConfiguration section */

/* Begin XCConfigurationList section */
		CB25D7AE1D07DA02000CE9EE /* Build configuration list for PBXProject "YXNetworkDiagnose" */ = {
			isa = XCConfigurationList;
			buildConfigurations = (
				CB25D7BA1D07DA03000CE9EE /* Debug */,
				CB25D7BB1D07DA03000CE9EE /* Release */,
			);
			defaultConfigurationIsVisible = 0;
			defaultConfigurationName = Release;
		};
		CB25D7BC1D07DA03000CE9EE /* Build configuration list for PBXNativeTarget "YXNetworkDiagnose_iOS" */ = {
			isa = XCConfigurationList;
			buildConfigurations = (
				CB25D7BD1D07DA03000CE9EE /* Debug */,
				CB25D7BE1D07DA03000CE9EE /* Release */,
			);
			defaultConfigurationIsVisible = 0;
			defaultConfigurationName = Release;
		};
		CB42FE001D07F23A00EADB77 /* Build configuration list for PBXNativeTarget "YXNetworkDiagnose_OSX" */ = {
			isa = XCConfigurationList;
			buildConfigurations = (
				CB42FE011D07F23A00EADB77 /* Debug */,
				CB42FE021D07F23A00EADB77 /* Release */,
			);
			defaultConfigurationIsVisible = 0;
			defaultConfigurationName = Release;
		};
		CBDFBC861D1A6A4E00D52170 /* Build configuration list for PBXNativeTarget "YXNetworkDiagnoseTests_iOS" */ = {
			isa = XCConfigurationList;
			buildConfigurations = (
				CBDFBC871D1A6A4E00D52170 /* Debug */,
				CBDFBC881D1A6A4E00D52170 /* Release */,
			);
			defaultConfigurationIsVisible = 0;
			defaultConfigurationName = Release;
		};
		CBDFBC951D1A6A6300D52170 /* Build configuration list for PBXNativeTarget "YXNetworkDiagnoseTests_OSX" */ = {
			isa = XCConfigurationList;
			buildConfigurations = (
				CBDFBC961D1A6A6300D52170 /* Debug */,
				CBDFBC971D1A6A6300D52170 /* Release */,
			);
			defaultConfigurationIsVisible = 0;
			defaultConfigurationName = Release;
		};
/* End XCConfigurationList section */
	};
	rootObject = CB25D7AB1D07DA02000CE9EE /* Project object */;
}
